{
  "name": "pdfium-node-repo",
  "lockfileVersion": 3,
  "requires": true,
  "packages": {
    "": {
      "name": "pdfium-node-repo",
      "workspaces": [
        "packages/*"
      ],
      "engines": {
        "node": ">=22"
      }
    },
    "node_modules/pdfium-node": {
      "resolved": "packages/pdfium-node",
      "link": true
    },
    "node_modules/pdfium-node-darwin-arm64": {
      "resolved": "packages/pdfium-node-darwin-arm64",
      "link": true
    },
    "node_modules/pdfium-node-linux-x64-gnu": {
      "resolved": "packages/pdfium-node-linux-x64-gnu",
      "link": true
    },
    "packages/pdfium-node": {
      "version": "1.2.1",
      "license": "MIT",
      "engines": {
        "node": ">=22"
      },
      "optionalDependencies": {
        "pdfium-node-darwin-arm64": "1.2.1",
        "pdfium-node-linux-x64-gnu": "1.2.1"
      }
    },
    "packages/pdfium-node-darwin-arm64": {
      "version": "1.2.1",
      "license": "MIT",
      "engines": {
        "node": ">=22"
      }
    },
    "packages/pdfium-node-linux-x64-gnu": {
      "version": "1.2.1",
      "license": "MIT",
      "engines": {
        "node": ">=22"
      }
    }
  }
}
